hash: c63a41c98db02e5be3ef5c78f07822e2fc7976729b2bd6315d3ca4294ea50d64
updated: 2018-03-22T11:31:54.024853619+01:00
imports:
- name: github.com/oschwald/maxminddb-golang
  version: c5bec84d1963260297932a1b7a1753c8420717a7
- name: golang.org/x/sys
  version: 739734461d1c916b6c72a63d7efda2b27edb369f
  subpackages:
  - unix
  - windows
testImports: []
